
Microsoft Visual Studio Solution File, Format Version 12.00
# Visual Studio Version 16
VisualStudioVersion = 16.0.29519.87
MinimumVisualStudioVersion = 10.0.40219.1
Project("{FAE04EC0-301F-11D3-BF4B-00C04F79EFBC}") = "WFA_RakamlarinOkunusu", "WFA_RakamlarinOkunusu\WFA_RakamlarinOkunusu.csproj", "{A8BBEC3B-8AA7-4643-885B-2415E6593889}"
EndProject
Global
	GlobalSection(SolutionConfigurationPlatforms) = preSolution
		Debug|Any CPU = Debug|Any CPU
		Release|Any CPU = Release|Any CPU
	EndGlobalSection
	GlobalSection(ProjectConfigurationPlatforms) = postSolution
		{A8BBEC3B-8AA7-4643-885B-2415E6593889}.Debug|Any CPU.ActiveCfg = Debug|Any CPU
		{A8BBEC3B-8AA7-4643-885B-2415E6593889}.Debug|Any CPU.Build.0 = Debug|Any CPU
		{A8BBEC3B-8AA7-4643-885B-2415E6593889}.Release|Any CPU.ActiveCfg = Release|Any CPU
		{A8BBEC3B-8AA7-4643-885B-2415E6593889}.Release|Any CPU.Build.0 = Release|Any CPU
	EndGlobalSection
	GlobalSection(SolutionProperties) = preSolution
		HideSolutionNode = FALSE
	EndGlobalSection
	GlobalSection(ExtensibilityGlobals) = postSolution
		SolutionGuid = {A4B0C9A6-6C26-428D-97CF-EE606582AC30}
	EndGlobalSection
EndGlobal
