
Microsoft Visual Studio Solution File, Format Version 12.00
# Visual Studio Version 16
VisualStudioVersion = 16.0.29519.87
MinimumVisualStudioVersion = 10.0.40219.1
Project("{FAE04EC0-301F-11D3-BF4B-00C04F79EFBC}") = "WFA_Metotlar", "WFA_Metotlar\WFA_Metotlar.csproj", "{34A812DC-A3B6-4F81-9D57-0130293396FB}"
EndProject
Global
	GlobalSection(SolutionConfigurationPlatforms) = preSolution
		Debug|Any CPU = Debug|Any CPU
		Release|Any CPU = Release|Any CPU
	EndGlobalSection
	GlobalSection(ProjectConfigurationPlatforms) = postSolution
		{34A812DC-A3B6-4F81-9D57-0130293396FB}.Debug|Any CPU.ActiveCfg = Debug|Any CPU
		{34A812DC-A3B6-4F81-9D57-0130293396FB}.Debug|Any CPU.Build.0 = Debug|Any CPU
		{34A812DC-A3B6-4F81-9D57-0130293396FB}.Release|Any CPU.ActiveCfg = Release|Any CPU
		{34A812DC-A3B6-4F81-9D57-0130293396FB}.Release|Any CPU.Build.0 = Release|Any CPU
	EndGlobalSection
	GlobalSection(SolutionProperties) = preSolution
		HideSolutionNode = FALSE
	EndGlobalSection
	GlobalSection(ExtensibilityGlobals) = postSolution
		SolutionGuid = {2CD7CA25-B248-475D-9C33-6FA3F792F0EB}
	EndGlobalSection
EndGlobal
