
Microsoft Visual Studio Solution File, Format Version 12.00
# Visual Studio Version 16
VisualStudioVersion = 16.0.29519.87
MinimumVisualStudioVersion = 10.0.40219.1
Project("{FAE04EC0-301F-11D3-BF4B-00C04F79EFBC}") = "CA_Variables", "CA_Variables\CA_Variables.csproj", "{BA431492-6624-43EE-B78B-44C2F2C708B8}"
EndProject
Global
	GlobalSection(SolutionConfigurationPlatforms) = preSolution
		Debug|Any CPU = Debug|Any CPU
		Release|Any CPU = Release|Any CPU
	EndGlobalSection
	GlobalSection(ProjectConfigurationPlatforms) = postSolution
		{BA431492-6624-43EE-B78B-44C2F2C708B8}.Debug|Any CPU.ActiveCfg = Debug|Any CPU
		{BA431492-6624-43EE-B78B-44C2F2C708B8}.Debug|Any CPU.Build.0 = Debug|Any CPU
		{BA431492-6624-43EE-B78B-44C2F2C708B8}.Release|Any CPU.ActiveCfg = Release|Any CPU
		{BA431492-6624-43EE-B78B-44C2F2C708B8}.Release|Any CPU.Build.0 = Release|Any CPU
	EndGlobalSection
	GlobalSection(SolutionProperties) = preSolution
		HideSolutionNode = FALSE
	EndGlobalSection
	GlobalSection(ExtensibilityGlobals) = postSolution
		SolutionGuid = {49441BB0-BE88-48BF-95F2-185E9509C84B}
	EndGlobalSection
EndGlobal
