
Microsoft Visual Studio Solution File, Format Version 12.00
# Visual Studio Version 16
VisualStudioVersion = 16.0.29519.87
MinimumVisualStudioVersion = 10.0.40219.1
Project("{FAE04EC0-301F-11D3-BF4B-00C04F79EFBC}") = "CA_Introduction", "CA_Introduction\CA_Introduction.csproj", "{5131C62A-4CEA-4F1D-83C2-F778B2427E7C}"
EndProject
Global
	GlobalSection(SolutionConfigurationPlatforms) = preSolution
		Debug|Any CPU = Debug|Any CPU
		Release|Any CPU = Release|Any CPU
	EndGlobalSection
	GlobalSection(ProjectConfigurationPlatforms) = postSolution
		{5131C62A-4CEA-4F1D-83C2-F778B2427E7C}.Debug|Any CPU.ActiveCfg = Debug|Any CPU
		{5131C62A-4CEA-4F1D-83C2-F778B2427E7C}.Debug|Any CPU.Build.0 = Debug|Any CPU
		{5131C62A-4CEA-4F1D-83C2-F778B2427E7C}.Release|Any CPU.ActiveCfg = Release|Any CPU
		{5131C62A-4CEA-4F1D-83C2-F778B2427E7C}.Release|Any CPU.Build.0 = Release|Any CPU
	EndGlobalSection
	GlobalSection(SolutionProperties) = preSolution
		HideSolutionNode = FALSE
	EndGlobalSection
	GlobalSection(ExtensibilityGlobals) = postSolution
		SolutionGuid = {C413A112-36BB-4CA0-A23B-9550BC97C69A}
	EndGlobalSection
EndGlobal
