
Microsoft Visual Studio Solution File, Format Version 12.00
# Visual Studio Version 16
VisualStudioVersion = 16.0.29519.87
MinimumVisualStudioVersion = 10.0.40219.1
Project("{FAE04EC0-301F-11D3-BF4B-00C04F79EFBC}") = "WFA_Donguler", "WFA_Donguler\WFA_Donguler.csproj", "{054C2644-8564-42F0-A2BD-098F69B40C96}"
EndProject
Global
	GlobalSection(SolutionConfigurationPlatforms) = preSolution
		Debug|Any CPU = Debug|Any CPU
		Release|Any CPU = Release|Any CPU
	EndGlobalSection
	GlobalSection(ProjectConfigurationPlatforms) = postSolution
		{054C2644-8564-42F0-A2BD-098F69B40C96}.Debug|Any CPU.ActiveCfg = Debug|Any CPU
		{054C2644-8564-42F0-A2BD-098F69B40C96}.Debug|Any CPU.Build.0 = Debug|Any CPU
		{054C2644-8564-42F0-A2BD-098F69B40C96}.Release|Any CPU.ActiveCfg = Release|Any CPU
		{054C2644-8564-42F0-A2BD-098F69B40C96}.Release|Any CPU.Build.0 = Release|Any CPU
	EndGlobalSection
	GlobalSection(SolutionProperties) = preSolution
		HideSolutionNode = FALSE
	EndGlobalSection
	GlobalSection(ExtensibilityGlobals) = postSolution
		SolutionGuid = {2B36049E-5F92-4B99-826B-53945F6C7B35}
	EndGlobalSection
EndGlobal
