
Microsoft Visual Studio Solution File, Format Version 12.00
# Visual Studio Version 16
VisualStudioVersion = 16.0.29519.87
MinimumVisualStudioVersion = 10.0.40219.1
Project("{FAE04EC0-301F-11D3-BF4B-00C04F79EFBC}") = "WFA_LocalAndGlobal", "WFA_LocalAndGlobal\WFA_LocalAndGlobal.csproj", "{D31C9F9B-9951-4B20-95C9-263602C57832}"
EndProject
Global
	GlobalSection(SolutionConfigurationPlatforms) = preSolution
		Debug|Any CPU = Debug|Any CPU
		Release|Any CPU = Release|Any CPU
	EndGlobalSection
	GlobalSection(ProjectConfigurationPlatforms) = postSolution
		{D31C9F9B-9951-4B20-95C9-263602C57832}.Debug|Any CPU.ActiveCfg = Debug|Any CPU
		{D31C9F9B-9951-4B20-95C9-263602C57832}.Debug|Any CPU.Build.0 = Debug|Any CPU
		{D31C9F9B-9951-4B20-95C9-263602C57832}.Release|Any CPU.ActiveCfg = Release|Any CPU
		{D31C9F9B-9951-4B20-95C9-263602C57832}.Release|Any CPU.Build.0 = Release|Any CPU
	EndGlobalSection
	GlobalSection(SolutionProperties) = preSolution
		HideSolutionNode = FALSE
	EndGlobalSection
	GlobalSection(ExtensibilityGlobals) = postSolution
		SolutionGuid = {CDD1D3C2-CB79-4E26-A48F-E58A2545187B}
	EndGlobalSection
EndGlobal
