
Microsoft Visual Studio Solution File, Format Version 12.00
# Visual Studio Version 16
VisualStudioVersion = 16.0.29519.87
MinimumVisualStudioVersion = 10.0.40219.1
Project("{FAE04EC0-301F-11D3-BF4B-00C04F79EFBC}") = "WFA_OOPIntroduction", "WFA_OOPIntroduction\WFA_OOPIntroduction.csproj", "{C945FCA5-7543-4E0F-98FB-99AB4BDE6314}"
EndProject
Global
	GlobalSection(SolutionConfigurationPlatforms) = preSolution
		Debug|Any CPU = Debug|Any CPU
		Release|Any CPU = Release|Any CPU
	EndGlobalSection
	GlobalSection(ProjectConfigurationPlatforms) = postSolution
		{C945FCA5-7543-4E0F-98FB-99AB4BDE6314}.Debug|Any CPU.ActiveCfg = Debug|Any CPU
		{C945FCA5-7543-4E0F-98FB-99AB4BDE6314}.Debug|Any CPU.Build.0 = Debug|Any CPU
		{C945FCA5-7543-4E0F-98FB-99AB4BDE6314}.Release|Any CPU.ActiveCfg = Release|Any CPU
		{C945FCA5-7543-4E0F-98FB-99AB4BDE6314}.Release|Any CPU.Build.0 = Release|Any CPU
	EndGlobalSection
	GlobalSection(SolutionProperties) = preSolution
		HideSolutionNode = FALSE
	EndGlobalSection
	GlobalSection(ExtensibilityGlobals) = postSolution
		SolutionGuid = {8231A1CC-4E12-499B-9FF3-95F46AA97379}
	EndGlobalSection
EndGlobal
