
Microsoft Visual Studio Solution File, Format Version 12.00
# Visual Studio Version 16
VisualStudioVersion = 16.0.29519.87
MinimumVisualStudioVersion = 10.0.40219.1
Project("{FAE04EC0-301F-11D3-BF4B-00C04F79EFBC}") = "CA_SampleVariables", "CA_SampleVariables\CA_SampleVariables.csproj", "{996A0AEF-E9F4-4590-B978-7A1C653AB708}"
EndProject
Global
	GlobalSection(SolutionConfigurationPlatforms) = preSolution
		Debug|Any CPU = Debug|Any CPU
		Release|Any CPU = Release|Any CPU
	EndGlobalSection
	GlobalSection(ProjectConfigurationPlatforms) = postSolution
		{996A0AEF-E9F4-4590-B978-7A1C653AB708}.Debug|Any CPU.ActiveCfg = Debug|Any CPU
		{996A0AEF-E9F4-4590-B978-7A1C653AB708}.Debug|Any CPU.Build.0 = Debug|Any CPU
		{996A0AEF-E9F4-4590-B978-7A1C653AB708}.Release|Any CPU.ActiveCfg = Release|Any CPU
		{996A0AEF-E9F4-4590-B978-7A1C653AB708}.Release|Any CPU.Build.0 = Release|Any CPU
	EndGlobalSection
	GlobalSection(SolutionProperties) = preSolution
		HideSolutionNode = FALSE
	EndGlobalSection
	GlobalSection(ExtensibilityGlobals) = postSolution
		SolutionGuid = {EEBFD9AB-1E39-4502-A648-94082CA91E1F}
	EndGlobalSection
EndGlobal
