
Microsoft Visual Studio Solution File, Format Version 12.00
# Visual Studio Version 16
VisualStudioVersion = 16.0.29728.190
MinimumVisualStudioVersion = 10.0.40219.1
Project("{FAE04EC0-301F-11D3-BF4B-00C04F79EFBC}") = "WindowsFormsApp8", "WindowsFormsApp8\WindowsFormsApp8.csproj", "{A23C2AAF-F9FC-4788-AEAF-1727259E2FC1}"
EndProject
Global
	GlobalSection(SolutionConfigurationPlatforms) = preSolution
		Debug|Any CPU = Debug|Any CPU
		Release|Any CPU = Release|Any CPU
	EndGlobalSection
	GlobalSection(ProjectConfigurationPlatforms) = postSolution
		{A23C2AAF-F9FC-4788-AEAF-1727259E2FC1}.Debug|Any CPU.ActiveCfg = Debug|Any CPU
		{A23C2AAF-F9FC-4788-AEAF-1727259E2FC1}.Debug|Any CPU.Build.0 = Debug|Any CPU
		{A23C2AAF-F9FC-4788-AEAF-1727259E2FC1}.Release|Any CPU.ActiveCfg = Release|Any CPU
		{A23C2AAF-F9FC-4788-AEAF-1727259E2FC1}.Release|Any CPU.Build.0 = Release|Any CPU
	EndGlobalSection
	GlobalSection(SolutionProperties) = preSolution
		HideSolutionNode = FALSE
	EndGlobalSection
	GlobalSection(ExtensibilityGlobals) = postSolution
		SolutionGuid = {88FF337B-1EE3-45EF-B90E-10D2065D72AD}
	EndGlobalSection
EndGlobal
